// !$*UTF8*$!
{
	archiveVersion = 1;
	classes = {
	};
	objectVersion = 50;
	objects = {

/* Begin PBXBuildFile section */
		D470EC5026D596EA00E9C676 /* AppDelegate.swift in Sources */ = {isa = PBXBuildFile; fileRef = D470EC4F26D596EA00E9C676 /* AppDelegate.swift */; };
		D470EC5226D596EA00E9C676 /* SceneDelegate.swift in Sources */ = {isa = PBXBuildFile; fileRef = D470EC5126D596EA00E9C676 /* SceneDelegate.swift */; };
		D470EC5426D596EA00E9C676 /* ViewController.swift in Sources */ = {isa = PBXBuildFile; fileRef = D470EC5326D596EA00E9C676 /* ViewController.swift */; };
		D470EC5726D596EA00E9C676 /* Main.storyboard in Resources */ = {isa = PBXBuildFile; fileRef = D470EC5526D596EA00E9C676 /* Main.storyboard */; };
		D470EC5926D596EB00E9C676 /* Assets.xcassets in Resources */ = {isa = PBXBuildFile; fileRef = D470EC5826D596EB00E9C676 /* Assets.xcassets */; };
		D470EC5C26D596EB00E9C676 /* LaunchScreen.storyboard in Resources */ = {isa = PBXBuildFile; fileRef = D470EC5A26D596EB00E9C676 /* LaunchScreen.storyboard */; };
		D470EC6426D596F900E9C676 /* grocery-train.mov in Resources */ = {isa = PBXBuildFile; fileRef = D470EC6326D596F900E9C676 /* grocery-train.mov */; };
/* End PBXBuildFile section */

/* Begin PBXFileReference section */
		D470EC4C26D596EA00E9C676 /* trim-crop-video.app */ = {isa = PBXFileReference; explicitFileType = wrapper.application; includeInIndex = 0; path = "trim-crop-video.app"; sourceTree = BUILT_PRODUCTS_DIR; };
		D470EC4F26D596EA00E9C676 /* AppDelegate.swift */ = {isa = PBXFileReference; lastKnownFileType = sourcecode.swift; path = AppDelegate.swift; sourceTree = "<group>"; };
		D470EC5126D596EA00E9C676 /* SceneDelegate.swift */ = {isa = PBXFileReference; lastKnownFileType = sourcecode.swift; path = SceneDelegate.swift; sourceTree = "<group>"; };
		D470EC5326D596EA00E9C676 /* ViewController.swift */ = {isa = PBXFileReference; lastKnownFileType = sourcecode.swift; path = ViewController.swift; sourceTree = "<group>"; };
		D470EC5626D596EA00E9C676 /* Base */ = {isa = PBXFileReference; lastKnownFileType = file.storyboard; name = Base; path = Base.lproj/Main.storyboard; sourceTree = "<group>"; };
		D470EC5826D596EB00E9C676 /* Assets.xcassets */ = {isa = PBXFileReference; lastKnownFileType = folder.assetcatalog; path = Assets.xcassets; sourceTree = "<group>"; };
		D470EC5B26D596EB00E9C676 /* Base */ = {isa = PBXFileReference; lastKnownFileType = file.storyboard; name = Base; path = Base.lproj/LaunchScreen.storyboard; sourceTree = "<group>"; };
		D470EC5D26D596EB00E9C676 /* Info.plist */ = {isa = PBXFileReference; lastKnownFileType = text.plist.xml; path = Info.plist; sourceTree = "<group>"; };
		D470EC6326D596F900E9C676 /* grocery-train.mov */ = {isa = PBXFileReference; lastKnownFileType = video.quicktime; path = "grocery-train.mov"; sourceTree = "<group>"; };
/* End PBXFileReference section */

/* Begin PBXFrameworksBuildPhase section */
		D470EC4926D596EA00E9C676 /* Frameworks */ = {
			isa = PBXFrameworksBuildPhase;
			buildActionMask = 2147483647;
			files = (
			);
			runOnlyForDeploymentPostprocessing = 0;
		};
/* End PBXFrameworksBuildPhase section */

/* Begin PBXGroup section */
		D470EC4326D596EA00E9C676 = {
			isa = PBXGroup;
			children = (
				D470EC4E26D596EA00E9C676 /* trim-crop-video */,
				D470EC4D26D596EA00E9C676 /* Products */,
			);
			sourceTree = "<group>";
		};
		D470EC4D26D596EA00E9C676 /* Products */ = {
			isa = PBXGroup;
			children = (
				D470EC4C26D596EA00E9C676 /* trim-crop-video.app */,
			);
			name = Products;
			sourceTree = "<group>";
		};
		D470EC4E26D596EA00E9C676 /* trim-crop-video */ = {
			isa = PBXGroup;
			children = (
				D470EC4F26D596EA00E9C676 /* AppDelegate.swift */,
				D470EC5126D596EA00E9C676 /* SceneDelegate.swift */,
				D470EC5326D596EA00E9C676 /* ViewController.swift */,
				D470EC5526D596EA00E9C676 /* Main.storyboard */,
				D470EC5826D596EB00E9C676 /* Assets.xcassets */,
				D470EC6326D596F900E9C676 /* grocery-train.mov */,
				D470EC5A26D596EB00E9C676 /* LaunchScreen.storyboard */,
				D470EC5D26D596EB00E9C676 /* Info.plist */,
			);
			path = "trim-crop-video";
			sourceTree = "<group>";
		};
/* End PBXGroup section */

/* Begin PBXNativeTarget section */
		D470EC4B26D596EA00E9C676 /* trim-crop-video */ = {
			isa = PBXNativeTarget;
			buildConfigurationList = D470EC6026D596EB00E9C676 /* Build configuration list for PBXNativeTarget "trim-crop-video" */;
			buildPhases = (
				D470EC4826D596EA00E9C676 /* Sources */,
				D470EC4926D596EA00E9C676 /* Frameworks */,
				D470EC4A26D596EA00E9C676 /* Resources */,
			);
			buildRules = (
			);
			dependencies = (
			);
			name = "trim-crop-video";
			productName = "trim-crop-video";
			productReference = D470EC4C26D596EA00E9C676 /* trim-crop-video.app */;
			productType = "com.apple.product-type.application";
		};
/* End PBXNativeTarget section */

/* Begin PBXProject section */
		D470EC4426D596EA00E9C676 /* Project object */ = {
			isa = PBXProject;
			attributes = {
				LastSwiftUpdateCheck = 1250;
				LastUpgradeCheck = 1250;
				TargetAttributes = {
					D470EC4B26D596EA00E9C676 = {
						CreatedOnToolsVersion = 12.5.1;
					};
				};
			};
			buildConfigurationList = D470EC4726D596EA00E9C676 /* Build configuration list for PBXProject "trim-crop-video" */;
			compatibilityVersion = "Xcode 9.3";
			developmentRegion = en;
			hasScannedForEncodings = 0;
			knownRegions = (
				en,
				Base,
			);
			mainGroup = D470EC4326D596EA00E9C676;
			productRefGroup = D470EC4D26D596EA00E9C676 /* Products */;
			projectDirPath = "";
			projectRoot = "";
			targets = (
				D470EC4B26D596EA00E9C676 /* trim-crop-video */,
			);
		};
/* End PBXProject section */

/* Begin PBXResourcesBuildPhase section */
		D470EC4A26D596EA00E9C676 /* Resources */ = {
			isa = PBXResourcesBuildPhase;
			buildActionMask = 2147483647;
			files = (
				D470EC5C26D596EB00E9C676 /* LaunchScreen.storyboard in Resources */,
				D470EC5926D596EB00E9C676 /* Assets.xcassets in Resources */,
				D470EC5726D596EA00E9C676 /* Main.storyboard in Resources */,
				D470EC6426D596F900E9C676 /* grocery-train.mov in Resources */,
			);
			runOnlyForDeploymentPostprocessing = 0;
		};
/* End PBXResourcesBuildPhase section */

/* Begin PBXSourcesBuildPhase section */
		D470EC4826D596EA00E9C676 /* Sources */ = {
			isa = PBXSourcesBuildPhase;
			buildActionMask = 2147483647;
			files = (
				D470EC5426D596EA00E9C676 /* ViewController.swift in Sources */,
				D470EC5026D596EA00E9C676 /* AppDelegate.swift in Sources */,
				D470EC5226D596EA00E9C676 /* SceneDelegate.swift in Sources */,
			);
			runOnlyForDeploymentPostprocessing = 0;
		};
/* End PBXSourcesBuildPhase section */

/* Begin PBXVariantGroup section */
		D470EC5526D596EA00E9C676 /* Main.storyboard */ = {
			isa = PBXVariantGroup;
			children = (
				D470EC5626D596EA00E9C676 /* Base */,
			);
			name = Main.storyboard;
			sourceTree = "<group>";
		};
		D470EC5A26D596EB00E9C676 /* LaunchScreen.storyboard */ = {
			isa = PBXVariantGroup;
			children = (
				D470EC5B26D596EB00E9C676 /* Base */,
			);
			name = LaunchScreen.storyboard;
			sourceTree = "<group>";
		};
/* End PBXVariantGroup section */

/* Begin XCBuildConfiguration section */
		D470EC5E26D596EB00E9C676 /* Debug */ = {
			isa = XCBuildConfiguration;
			buildSettings = {
				ALWAYS_SEARCH_USER_PATHS = NO;
				CLANG_ANALYZER_NONNULL = YES;
				CLANG_ANALYZER_NUMBER_OBJECT_CONVERSION = YES_AGGRESSIVE;
				CLANG_CXX_LANGUAGE_STANDARD = "gnu++14";
				CLANG_CXX_LIBRARY = "libc++";
				CLANG_ENABLE_MODULES = YES;
				CLANG_ENABLE_OBJC_ARC = YES;
				CLANG_ENABLE_OBJC_WEAK = YES;
				CLANG_WARN_BLOCK_CAPTURE_AUTORELEASING = YES;
				CLANG_WARN_BOOL_CONVERSION = YES;
				CLANG_WARN_COMMA = YES;
				CLANG_WARN_CONSTANT_CONVERSION = YES;
				CLANG_WARN_DEPRECATED_OBJC_IMPLEMENTATIONS = YES;
				CLANG_WARN_DIRECT_OBJC_ISA_USAGE = YES_ERROR;
				CLANG_WARN_DOCUMENTATION_COMMENTS = YES;
				CLANG_WARN_EMPTY_BODY = YES;
				CLANG_WARN_ENUM_CONVERSION = YES;
				CLANG_WARN_INFINITE_RECURSION = YES;
				CLANG_WARN_INT_CONVERSION = YES;
				CLANG_WARN_NON_LITERAL_NULL_CONVERSION = YES;
				CLANG_WARN_OBJC_IMPLICIT_RETAIN_SELF = YES;
				CLANG_WARN_OBJC_LITERAL_CONVERSION = YES;
				CLANG_WARN_OBJC_ROOT_CLASS = YES_ERROR;
				CLANG_WARN_QUOTED_INCLUDE_IN_FRAMEWORK_HEADER = YES;
				CLANG_WARN_RANGE_LOOP_ANALYSIS = YES;
				CLANG_WARN_STRICT_PROTOTYPES = YES;
				CLANG_WARN_SUSPICIOUS_MOVE = YES;
				CLANG_WARN_UNGUARDED_AVAILABILITY = YES_AGGRESSIVE;
				CLANG_WARN_UNREACHABLE_CODE = YES;
				CLANG_WARN__DUPLICATE_METHOD_MATCH = YES;
				COPY_PHASE_STRIP = NO;
				DEBUG_INFORMATION_FORMAT = dwarf;
				ENABLE_STRICT_OBJC_MSGSEND = YES;
				ENABLE_TESTABILITY = YES;
				GCC_C_LANGUAGE_STANDARD = gnu11;
				GCC_DYNAMIC_NO_PIC = NO;
				GCC_NO_COMMON_BLOCKS = YES;
				GCC_OPTIMIZATION_LEVEL = 0;
				GCC_PREPROCESSOR_DEFINITIONS = (
					"DEBUG=1",
					"$(inherited)",
				);
				GCC_WARN_64_TO_32_BIT_CONVERSION = YES;
				GCC_WARN_ABOUT_RETURN_TYPE = YES_ERROR;
				GCC_WARN_UNDECLARED_SELECTOR = YES;
				GCC_WARN_UNINITIALIZED_AUTOS = YES_AGGRESSIVE;
				GCC_WARN_UNUSED_FUNCTION = YES;
				GCC_WARN_UNUSED_VARIABLE = YES;
				IPHONEOS_DEPLOYMENT_TARGET = 14.5;
				MTL_ENABLE_DEBUG_INFO = INCLUDE_SOURCE;
				MTL_FAST_MATH = YES;
				ONLY_ACTIVE_ARCH = YES;
				SDKROOT = iphoneos;
				SWIFT_ACTIVE_COMPILATION_CONDITIONS = DEBUG;
				SWIFT_OPTIMIZATION_LEVEL = "-Onone";
			};
			name = Debug;
		};
		D470EC5F26D596EB00E9C676 /* Release */ = {
			isa = XCBuildConfiguration;
			buildSettings = {
				ALWAYS_SEARCH_USER_PATHS = NO;
				CLANG_ANALYZER_NONNULL = YES;
				CLANG_ANALYZER_NUMBER_OBJECT_CONVERSION = YES_AGGRESSIVE;
				CLANG_CXX_LANGUAGE_STANDARD = "gnu++14";
				CLANG_CXX_LIBRARY = "libc++";
				CLANG_ENABLE_MODULES = YES;
				CLANG_ENABLE_OBJC_ARC = YES;
				CLANG_ENABLE_OBJC_WEAK = YES;
				CLANG_WARN_BLOCK_CAPTURE_AUTORELEASING = YES;
				CLANG_WARN_BOOL_CONVERSION = YES;
				CLANG_WARN_COMMA = YES;
				CLANG_WARN_CONSTANT_CONVERSION = YES;
				CLANG_WARN_DEPRECATED_OBJC_IMPLEMENTATIONS = YES;
				CLANG_WARN_DIRECT_OBJC_ISA_USAGE = YES_ERROR;
				CLANG_WARN_DOCUMENTATION_COMMENTS = YES;
				CLANG_WARN_EMPTY_BODY = YES;
				CLANG_WARN_ENUM_CONVERSION = YES;
				CLANG_WARN_INFINITE_RECURSION = YES;
				CLANG_WARN_INT_CONVERSION = YES;
				CLANG_WARN_NON_LITERAL_NULL_CONVERSION = YES;
				CLANG_WARN_OBJC_IMPLICIT_RETAIN_SELF = YES;
				CLANG_WARN_OBJC_LITERAL_CONVERSION = YES;
				CLANG_WARN_OBJC_ROOT_CLASS = YES_ERROR;
				CLANG_WARN_QUOTED_INCLUDE_IN_FRAMEWORK_HEADER = YES;
				CLANG_WARN_RANGE_LOOP_ANALYSIS = YES;
				CLANG_WARN_STRICT_PROTOTYPES = YES;
				CLANG_WARN_SUSPICIOUS_MOVE = YES;
				CLANG_WARN_UNGUARDED_AVAILABILITY = YES_AGGRESSIVE;
				CLANG_WARN_UNREACHABLE_CODE = YES;
				CLANG_WARN__DUPLICATE_METHOD_MATCH = YES;
				COPY_PHASE_STRIP = NO;
				DEBUG_INFORMATION_FORMAT = "dwarf-with-dsym";
				ENABLE_NS_ASSERTIONS = NO;
				ENABLE_STRICT_OBJC_MSGSEND = YES;
				GCC_C_LANGUAGE_STANDARD = gnu11;
				GCC_NO_COMMON_BLOCKS = YES;
				GCC_WARN_64_TO_32_BIT_CONVERSION = YES;
				GCC_WARN_ABOUT_RETURN_TYPE = YES_ERROR;
				GCC_WARN_UNDECLARED_SELECTOR = YES;
				GCC_WARN_UNINITIALIZED_AUTOS = YES_AGGRESSIVE;
				GCC_WARN_UNUSED_FUNCTION = YES;
				GCC_WARN_UNUSED_VARIABLE = YES;
				IPHONEOS_DEPLOYMENT_TARGET = 14.5;
				MTL_ENABLE_DEBUG_INFO = NO;
				MTL_FAST_MATH = YES;
				SDKROOT = iphoneos;
				SWIFT_COMPILATION_MODE = wholemodule;
				SWIFT_OPTIMIZATION_LEVEL = "-O";
				VALIDATE_PRODUCT = YES;
			};
			name = Release;
		};
		D470EC6126D596EB00E9C676 /* Debug */ = {
			isa = XCBuildConfiguration;
			buildSettings = {
				ASSETCATALOG_COMPILER_APPICON_NAME = AppIcon;
				ASSETCATALOG_COMPILER_GLOBAL_ACCENT_COLOR_NAME = AccentColor;
				CODE_SIGN_STYLE = Automatic;
				DEVELOPMENT_TEAM = K75NL9T9H7;
				INFOPLIST_FILE = "trim-crop-video/Info.plist";
				LD_RUNPATH_SEARCH_PATHS = (
					"$(inherited)",
					"@executable_path/Frameworks",
				);
				PRODUCT_BUNDLE_IDENTIFIER = "com.tyreeapps.trim-crop-video";
				PRODUCT_NAME = "$(TARGET_NAME)";
				SWIFT_VERSION = 5.0;
				TARGETED_DEVICE_FAMILY = "1,2";
			};
			name = Debug;
		};
		D470EC6226D596EB00E9C676 /* Release */ = {
			isa = XCBuildConfiguration;
			buildSettings = {
				ASSETCATALOG_COMPILER_APPICON_NAME = AppIcon;
				ASSETCATALOG_COMPILER_GLOBAL_ACCENT_COLOR_NAME = AccentColor;
				CODE_SIGN_STYLE = Automatic;
				DEVELOPMENT_TEAM = K75NL9T9H7;
				INFOPLIST_FILE = "trim-crop-video/Info.plist";
				LD_RUNPATH_SEARCH_PATHS = (
					"$(inherited)",
					"@executable_path/Frameworks",
				);
				PRODUCT_BUNDLE_IDENTIFIER = "com.tyreeapps.trim-crop-video";
				PRODUCT_NAME = "$(TARGET_NAME)";
				SWIFT_VERSION = 5.0;
				TARGETED_DEVICE_FAMILY = "1,2";
			};
			name = Release;
		};
/* End XCBuildConfiguration section */

/* Begin XCConfigurationList section */
		D470EC4726D596EA00E9C676 /* Build configuration list for PBXProject "trim-crop-video" */ = {
			isa = XCConfigurationList;
			buildConfigurations = (
				D470EC5E26D596EB00E9C676 /* Debug */,
				D470EC5F26D596EB00E9C676 /* Release */,
			);
			defaultConfigurationIsVisible = 0;
			defaultConfigurationName = Release;
		};
		D470EC6026D596EB00E9C676 /* Build configuration list for PBXNativeTarget "trim-crop-video" */ = {
			isa = XCConfigurationList;
			buildConfigurations = (
				D470EC6126D596EB00E9C676 /* Debug */,
				D470EC6226D596EB00E9C676 /* Release */,
			);
			defaultConfigurationIsVisible = 0;
			defaultConfigurationName = Release;
		};
/* End XCConfigurationList section */
	};
	rootObject = D470EC4426D596EA00E9C676 /* Project object */;
}
